// !$*UTF8*$!
{
	archiveVersion = 1;
	classes = {
	};
	objectVersion = 50;
	objects = {

/* Begin PBXBuildFile section */
		8CF0C9B62145C80C0052F34C /* AppDelegate.swift in Sources */ = {isa = PBXBuildFile; fileRef = 8CF0C9B52145C80C0052F34C /* AppDelegate.swift */; };
		8CF0C9B82145C80C0052F34C /* CategoriesViewController.swift in Sources */ = {isa = PBXBuildFile; fileRef = 8CF0C9B72145C80C0052F34C /* CategoriesViewController.swift */; };
		8CF0C9BB2145C80C0052F34C /* Main.storyboard in Resources */ = {isa = PBXBuildFile; fileRef = 8CF0C9B92145C80C0052F34C /* Main.storyboard */; };
		8CF0C9BD2145C80D0052F34C /* Assets.xcassets in Resources */ = {isa = PBXBuildFile; fileRef = 8CF0C9BC2145C80D0052F34C /* Assets.xcassets */; };
		8CF0C9C02145C80D0052F34C /* LaunchScreen.storyboard in Resources */ = {isa = PBXBuildFile; fileRef = 8CF0C9BE2145C80D0052F34C /* LaunchScreen.storyboard */; };
		8CF0C9CB2145C80D0052F34C /* CoderSwaggAppTests.swift in Sources */ = {isa = PBXBuildFile; fileRef = 8CF0C9CA2145C80D0052F34C /* CoderSwaggAppTests.swift */; };
		8CF0C9D92149C9010052F34C /* CategoryTableViewCell.swift in Sources */ = {isa = PBXBuildFile; fileRef = 8CF0C9D82149C9010052F34C /* CategoryTableViewCell.swift */; };
		8CF0C9DB2149CB7F0052F34C /* Category.swift in Sources */ = {isa = PBXBuildFile; fileRef = 8CF0C9DA2149CB7F0052F34C /* Category.swift */; };
		8CF0C9DE2149CD9A0052F34C /* DataService.swift in Sources */ = {isa = PBXBuildFile; fileRef = 8CF0C9DD2149CD9A0052F34C /* DataService.swift */; };
/* End PBXBuildFile section */

/* Begin PBXContainerItemProxy section */
		8CF0C9C72145C80D0052F34C /* PBXContainerItemProxy */ = {
			isa = PBXContainerItemProxy;
			containerPortal = 8CF0C9AA2145C80C0052F34C /* Project object */;
			proxyType = 1;
			remoteGlobalIDString = 8CF0C9B12145C80C0052F34C;
			remoteInfo = CoderSwaggApp;
		};
/* End PBXContainerItemProxy section */

/* Begin PBXFileReference section */
		8CF0C9B22145C80C0052F34C /* CoderSwaggApp.app */ = {isa = PBXFileReference; explicitFileType = wrapper.application; includeInIndex = 0; path = CoderSwaggApp.app; sourceTree = BUILT_PRODUCTS_DIR; };
		8CF0C9B52145C80C0052F34C /* AppDelegate.swift */ = {isa = PBXFileReference; lastKnownFileType = sourcecode.swift; path = AppDelegate.swift; sourceTree = "<group>"; };
		8CF0C9B72145C80C0052F34C /* CategoriesViewController.swift */ = {isa = PBXFileReference; lastKnownFileType = sourcecode.swift; path = CategoriesViewController.swift; sourceTree = "<group>"; };
		8CF0C9BA2145C80C0052F34C /* Base */ = {isa = PBXFileReference; lastKnownFileType = file.storyboard; name = Base; path = Base.lproj/Main.storyboard; sourceTree = "<group>"; };
		8CF0C9BC2145C80D0052F34C /* Assets.xcassets */ = {isa = PBXFileReference; lastKnownFileType = folder.assetcatalog; path = Assets.xcassets; sourceTree = "<group>"; };
		8CF0C9BF2145C80D0052F34C /* Base */ = {isa = PBXFileReference; lastKnownFileType = file.storyboard; name = Base; path = Base.lproj/LaunchScreen.storyboard; sourceTree = "<group>"; };
		8CF0C9C12145C80D0052F34C /* Info.plist */ = {isa = PBXFileReference; lastKnownFileType = text.plist.xml; path = Info.plist; sourceTree = "<group>"; };
		8CF0C9C62145C80D0052F34C /* CoderSwaggAppTests.xctest */ = {isa = PBXFileReference; explicitFileType = wrapper.cfbundle; includeInIndex = 0; path = CoderSwaggAppTests.xctest; sourceTree = BUILT_PRODUCTS_DIR; };
		8CF0C9CA2145C80D0052F34C /* CoderSwaggAppTests.swift */ = {isa = PBXFileReference; lastKnownFileType = sourcecode.swift; path = CoderSwaggAppTests.swift; sourceTree = "<group>"; };
		8CF0C9CC2145C80D0052F34C /* Info.plist */ = {isa = PBXFileReference; lastKnownFileType = text.plist.xml; path = Info.plist; sourceTree = "<group>"; };
		8CF0C9D82149C9010052F34C /* CategoryTableViewCell.swift */ = {isa = PBXFileReference; lastKnownFileType = sourcecode.swift; path = CategoryTableViewCell.swift; sourceTree = "<group>"; };
		8CF0C9DA2149CB7F0052F34C /* Category.swift */ = {isa = PBXFileReference; lastKnownFileType = sourcecode.swift; path = Category.swift; sourceTree = "<group>"; };
		8CF0C9DD2149CD9A0052F34C /* DataService.swift */ = {isa = PBXFileReference; lastKnownFileType = sourcecode.swift; path = DataService.swift; sourceTree = "<group>"; };
/* End PBXFileReference section */

/* Begin PBXFrameworksBuildPhase section */
		8CF0C9AF2145C80C0052F34C /* Frameworks */ = {
			isa = PBXFrameworksBuildPhase;
			buildActionMask = 2147483647;
			files = (
			);
			runOnlyForDeploymentPostprocessing = 0;
		};
		8CF0C9C32145C80D0052F34C /* Frameworks */ = {
			isa = PBXFrameworksBuildPhase;
			buildActionMask = 2147483647;
			files = (
			);
			runOnlyForDeploymentPostprocessing = 0;
		};
/* End PBXFrameworksBuildPhase section */

/* Begin PBXGroup section */
		8CF0C9A92145C80C0052F34C = {
			isa = PBXGroup;
			children = (
				8CF0C9B42145C80C0052F34C /* CoderSwaggApp */,
				8CF0C9C92145C80D0052F34C /* CoderSwaggAppTests */,
				8CF0C9B32145C80C0052F34C /* Products */,
			);
			sourceTree = "<group>";
		};
		8CF0C9B32145C80C0052F34C /* Products */ = {
			isa = PBXGroup;
			children = (
				8CF0C9B22145C80C0052F34C /* CoderSwaggApp.app */,
				8CF0C9C62145C80D0052F34C /* CoderSwaggAppTests.xctest */,
			);
			name = Products;
			sourceTree = "<group>";
		};
		8CF0C9B42145C80C0052F34C /* CoderSwaggApp */ = {
			isa = PBXGroup;
			children = (
				8CF0C9DC2149CD8B0052F34C /* Services */,
				8CF0C9D72149C8970052F34C /* Model */,
				8CF0C9D62149C88F0052F34C /* Views */,
				8CF0C9D52149C8840052F34C /* Controller */,
				8CF0C9B52145C80C0052F34C /* AppDelegate.swift */,
				8CF0C9B92145C80C0052F34C /* Main.storyboard */,
				8CF0C9BC2145C80D0052F34C /* Assets.xcassets */,
				8CF0C9BE2145C80D0052F34C /* LaunchScreen.storyboard */,
				8CF0C9C12145C80D0052F34C /* Info.plist */,
			);
			path = CoderSwaggApp;
			sourceTree = "<group>";
		};
		8CF0C9C92145C80D0052F34C /* CoderSwaggAppTests */ = {
			isa = PBXGroup;
			children = (
				8CF0C9CA2145C80D0052F34C /* CoderSwaggAppTests.swift */,
				8CF0C9CC2145C80D0052F34C /* Info.plist */,
			);
			path = CoderSwaggAppTests;
			sourceTree = "<group>";
		};
		8CF0C9D52149C8840052F34C /* Controller */ = {
			isa = PBXGroup;
			children = (
				8CF0C9B72145C80C0052F34C /* CategoriesViewController.swift */,
			);
			path = Controller;
			sourceTree = "<group>";
		};
		8CF0C9D62149C88F0052F34C /* Views */ = {
			isa = PBXGroup;
			children = (
				8CF0C9D82149C9010052F34C /* CategoryTableViewCell.swift */,
			);
			path = Views;
			sourceTree = "<group>";
		};
		8CF0C9D72149C8970052F34C /* Model */ = {
			isa = PBXGroup;
			children = (
				8CF0C9DA2149CB7F0052F34C /* Category.swift */,
			);
			path = Model;
			sourceTree = "<group>";
		};
		8CF0C9DC2149CD8B0052F34C /* Services */ = {
			isa = PBXGroup;
			children = (
				8CF0C9DD2149CD9A0052F34C /* DataService.swift */,
			);
			path = Services;
			sourceTree = "<group>";
		};
/* End PBXGroup section */

/* Begin PBXNativeTarget section */
		8CF0C9B12145C80C0052F34C /* CoderSwaggApp */ = {
			isa = PBXNativeTarget;
			buildConfigurationList = 8CF0C9CF2145C80D0052F34C /* Build configuration list for PBXNativeTarget "CoderSwaggApp" */;
			buildPhases = (
				8CF0C9AE2145C80C0052F34C /* Sources */,
				8CF0C9AF2145C80C0052F34C /* Frameworks */,
				8CF0C9B02145C80C0052F34C /* Resources */,
			);
			buildRules = (
			);
			dependencies = (
			);
			name = CoderSwaggApp;
			productName = CoderSwaggApp;
			productReference = 8CF0C9B22145C80C0052F34C /* CoderSwaggApp.app */;
			productType = "com.apple.product-type.application";
		};
		8CF0C9C52145C80D0052F34C /* CoderSwaggAppTests */ = {
			isa = PBXNativeTarget;
			buildConfigurationList = 8CF0C9D22145C80D0052F34C /* Build configuration list for PBXNativeTarget "CoderSwaggAppTests" */;
			buildPhases = (
				8CF0C9C22145C80D0052F34C /* Sources */,
				8CF0C9C32145C80D0052F34C /* Frameworks */,
				8CF0C9C42145C80D0052F34C /* Resources */,
			);
			buildRules = (
			);
			dependencies = (
				8CF0C9C82145C80D0052F34C /* PBXTargetDependency */,
			);
			name = CoderSwaggAppTests;
			productName = CoderSwaggAppTests;
			productReference = 8CF0C9C62145C80D0052F34C /* CoderSwaggAppTests.xctest */;
			productType = "com.apple.product-type.bundle.unit-test";
		};
/* End PBXNativeTarget section */

/* Begin PBXProject section */
		8CF0C9AA2145C80C0052F34C /* Project object */ = {
			isa = PBXProject;
			attributes = {
				LastSwiftUpdateCheck = 1000;
				LastUpgradeCheck = 1000;
				ORGANIZATIONNAME = "Daniel Garofalo";
				TargetAttributes = {
					8CF0C9B12145C80C0052F34C = {
						CreatedOnToolsVersion = 10.0;
					};
					8CF0C9C52145C80D0052F34C = {
						CreatedOnToolsVersion = 10.0;
						TestTargetID = 8CF0C9B12145C80C0052F34C;
					};
				};
			};
			buildConfigurationList = 8CF0C9AD2145C80C0052F34C /* Build configuration list for PBXProject "CoderSwaggApp" */;
			compatibilityVersion = "Xcode 9.3";
			developmentRegion = en;
			hasScannedForEncodings = 0;
			knownRegions = (
				en,
				Base,
			);
			mainGroup = 8CF0C9A92145C80C0052F34C;
			productRefGroup = 8CF0C9B32145C80C0052F34C /* Products */;
			projectDirPath = "";
			projectRoot = "";
			targets = (
				8CF0C9B12145C80C0052F34C /* CoderSwaggApp */,
				8CF0C9C52145C80D0052F34C /* CoderSwaggAppTests */,
			);
		};
/* End PBXProject section */

/* Begin PBXResourcesBuildPhase section */
		8CF0C9B02145C80C0052F34C /* Resources */ = {
			isa = PBXResourcesBuildPhase;
			buildActionMask = 2147483647;
			files = (
				8CF0C9C02145C80D0052F34C /* LaunchScreen.storyboard in Resources */,
				8CF0C9BD2145C80D0052F34C /* Assets.xcassets in Resources */,
				8CF0C9BB2145C80C0052F34C /* Main.storyboard in Resources */,
			);
			runOnlyForDeploymentPostprocessing = 0;
		};
		8CF0C9C42145C80D0052F34C /* Resources */ = {
			isa = PBXResourcesBuildPhase;
			buildActionMask = 2147483647;
			files = (
			);
			runOnlyForDeploymentPostprocessing = 0;
		};
/* End PBXResourcesBuildPhase section */

/* Begin PBXSourcesBuildPhase section */
		8CF0C9AE2145C80C0052F34C /* Sources */ = {
			isa = PBXSourcesBuildPhase;
			buildActionMask = 2147483647;
			files = (
				8CF0C9B82145C80C0052F34C /* CategoriesViewController.swift in Sources */,
				8CF0C9B62145C80C0052F34C /* AppDelegate.swift in Sources */,
				8CF0C9D92149C9010052F34C /* CategoryTableViewCell.swift in Sources */,
				8CF0C9DB2149CB7F0052F34C /* Category.swift in Sources */,
				8CF0C9DE2149CD9A0052F34C /* DataService.swift in Sources */,
			);
			runOnlyForDeploymentPostprocessing = 0;
		};
		8CF0C9C22145C80D0052F34C /* Sources */ = {
			isa = PBXSourcesBuildPhase;
			buildActionMask = 2147483647;
			files = (
				8CF0C9CB2145C80D0052F34C /* CoderSwaggAppTests.swift in Sources */,
			);
			runOnlyForDeploymentPostprocessing = 0;
		};
/* End PBXSourcesBuildPhase section */

/* Begin PBXTargetDependency section */
		8CF0C9C82145C80D0052F34C /* PBXTargetDependency */ = {
			isa = PBXTargetDependency;
			target = 8CF0C9B12145C80C0052F34C /* CoderSwaggApp */;
			targetProxy = 8CF0C9C72145C80D0052F34C /* PBXContainerItemProxy */;
		};
/* End PBXTargetDependency section */

/* Begin PBXVariantGroup section */
		8CF0C9B92145C80C0052F34C /* Main.storyboard */ = {
			isa = PBXVariantGroup;
			children = (
				8CF0C9BA2145C80C0052F34C /* Base */,
			);
			name = Main.storyboard;
			sourceTree = "<group>";
		};
		8CF0C9BE2145C80D0052F34C /* LaunchScreen.storyboard */ = {
			isa = PBXVariantGroup;
			children = (
				8CF0C9BF2145C80D0052F34C /* Base */,
			);
			name = LaunchScreen.storyboard;
			sourceTree = "<group>";
		};
/* End PBXVariantGroup section */

/* Begin XCBuildConfiguration section */
		8CF0C9CD2145C80D0052F34C /* Debug */ = {
			isa = XCBuildConfiguration;
			buildSettings = {
				ALWAYS_SEARCH_USER_PATHS = NO;
				CLANG_ANALYZER_NONNULL = YES;
				CLANG_ANALYZER_NUMBER_OBJECT_CONVERSION = YES_AGGRESSIVE;
				CLANG_CXX_LANGUAGE_STANDARD = "gnu++14";
				CLANG_CXX_LIBRARY = "libc++";
				CLANG_ENABLE_MODULES = YES;
				CLANG_ENABLE_OBJC_ARC = YES;
				CLANG_ENABLE_OBJC_WEAK = YES;
				CLANG_WARN_BLOCK_CAPTURE_AUTORELEASING = YES;
				CLANG_WARN_BOOL_CONVERSION = YES;
				CLANG_WARN_COMMA = YES;
				CLANG_WARN_CONSTANT_CONVERSION = YES;
				CLANG_WARN_DEPRECATED_OBJC_IMPLEMENTATIONS = YES;
				CLANG_WARN_DIRECT_OBJC_ISA_USAGE = YES_ERROR;
				CLANG_WARN_DOCUMENTATION_COMMENTS = YES;
				CLANG_WARN_EMPTY_BODY = YES;
				CLANG_WARN_ENUM_CONVERSION = YES;
				CLANG_WARN_INFINITE_RECURSION = YES;
				CLANG_WARN_INT_CONVERSION = YES;
				CLANG_WARN_NON_LITERAL_NULL_CONVERSION = YES;
				CLANG_WARN_OBJC_IMPLICIT_RETAIN_SELF = YES;
				CLANG_WARN_OBJC_LITERAL_CONVERSION = YES;
				CLANG_WARN_OBJC_ROOT_CLASS = YES_ERROR;
				CLANG_WARN_RANGE_LOOP_ANALYSIS = YES;
				CLANG_WARN_STRICT_PROTOTYPES = YES;
				CLANG_WARN_SUSPICIOUS_MOVE = YES;
				CLANG_WARN_UNGUARDED_AVAILABILITY = YES_AGGRESSIVE;
				CLANG_WARN_UNREACHABLE_CODE = YES;
				CLANG_WARN__DUPLICATE_METHOD_MATCH = YES;
				CODE_SIGN_IDENTITY = "iPhone Developer";
				COPY_PHASE_STRIP = NO;
				DEBUG_INFORMATION_FORMAT = dwarf;
				ENABLE_STRICT_OBJC_MSGSEND = YES;
				ENABLE_TESTABILITY = YES;
				GCC_C_LANGUAGE_STANDARD = gnu11;
				GCC_DYNAMIC_NO_PIC = NO;
				GCC_NO_COMMON_BLOCKS = YES;
				GCC_OPTIMIZATION_LEVEL = 0;
				GCC_PREPROCESSOR_DEFINITIONS = (
					"DEBUG=1",
					"$(inherited)",
				);
				GCC_WARN_64_TO_32_BIT_CONVERSION = YES;
				GCC_WARN_ABOUT_RETURN_TYPE = YES_ERROR;
				GCC_WARN_UNDECLARED_SELECTOR = YES;
				GCC_WARN_UNINITIALIZED_AUTOS = YES_AGGRESSIVE;
				GCC_WARN_UNUSED_FUNCTION = YES;
				GCC_WARN_UNUSED_VARIABLE = YES;
				IPHONEOS_DEPLOYMENT_TARGET = 12.0;
				MTL_ENABLE_DEBUG_INFO = INCLUDE_SOURCE;
				MTL_FAST_MATH = YES;
				ONLY_ACTIVE_ARCH = YES;
				SDKROOT = iphoneos;
				SWIFT_ACTIVE_COMPILATION_CONDITIONS = DEBUG;
				SWIFT_OPTIMIZATION_LEVEL = "-Onone";
			};
			name = Debug;
		};
		8CF0C9CE2145C80D0052F34C /* Release */ = {
			isa = XCBuildConfiguration;
			buildSettings = {
				ALWAYS_SEARCH_USER_PATHS = NO;
				CLANG_ANALYZER_NONNULL = YES;
				CLANG_ANALYZER_NUMBER_OBJECT_CONVERSION = YES_AGGRESSIVE;
				CLANG_CXX_LANGUAGE_STANDARD = "gnu++14";
				CLANG_CXX_LIBRARY = "libc++";
				CLANG_ENABLE_MODULES = YES;
				CLANG_ENABLE_OBJC_ARC = YES;
				CLANG_ENABLE_OBJC_WEAK = YES;
				CLANG_WARN_BLOCK_CAPTURE_AUTORELEASING = YES;
				CLANG_WARN_BOOL_CONVERSION = YES;
				CLANG_WARN_COMMA = YES;
				CLANG_WARN_CONSTANT_CONVERSION = YES;
				CLANG_WARN_DEPRECATED_OBJC_IMPLEMENTATIONS = YES;
				CLANG_WARN_DIRECT_OBJC_ISA_USAGE = YES_ERROR;
				CLANG_WARN_DOCUMENTATION_COMMENTS = YES;
				CLANG_WARN_EMPTY_BODY = YES;
				CLANG_WARN_ENUM_CONVERSION = YES;
				CLANG_WARN_INFINITE_RECURSION = YES;
				CLANG_WARN_INT_CONVERSION = YES;
				CLANG_WARN_NON_LITERAL_NULL_CONVERSION = YES;
				CLANG_WARN_OBJC_IMPLICIT_RETAIN_SELF = YES;
				CLANG_WARN_OBJC_LITERAL_CONVERSION = YES;
				CLANG_WARN_OBJC_ROOT_CLASS = YES_ERROR;
				CLANG_WARN_RANGE_LOOP_ANALYSIS = YES;
				CLANG_WARN_STRICT_PROTOTYPES = YES;
				CLANG_WARN_SUSPICIOUS_MOVE = YES;
				CLANG_WARN_UNGUARDED_AVAILABILITY = YES_AGGRESSIVE;
				CLANG_WARN_UNREACHABLE_CODE = YES;
				CLANG_WARN__DUPLICATE_METHOD_MATCH = YES;
				CODE_SIGN_IDENTITY = "iPhone Developer";
				COPY_PHASE_STRIP = NO;
				DEBUG_INFORMATION_FORMAT = "dwarf-with-dsym";
				ENABLE_NS_ASSERTIONS = NO;
				ENABLE_STRICT_OBJC_MSGSEND = YES;
				GCC_C_LANGUAGE_STANDARD = gnu11;
				GCC_NO_COMMON_BLOCKS = YES;
				GCC_WARN_64_TO_32_BIT_CONVERSION = YES;
				GCC_WARN_ABOUT_RETURN_TYPE = YES_ERROR;
				GCC_WARN_UNDECLARED_SELECTOR = YES;
				GCC_WARN_UNINITIALIZED_AUTOS = YES_AGGRESSIVE;
				GCC_WARN_UNUSED_FUNCTION = YES;
				GCC_WARN_UNUSED_VARIABLE = YES;
				IPHONEOS_DEPLOYMENT_TARGET = 12.0;
				MTL_ENABLE_DEBUG_INFO = NO;
				MTL_FAST_MATH = YES;
				SDKROOT = iphoneos;
				SWIFT_COMPILATION_MODE = wholemodule;
				SWIFT_OPTIMIZATION_LEVEL = "-O";
				VALIDATE_PRODUCT = YES;
			};
			name = Release;
		};
		8CF0C9D02145C80D0052F34C /* Debug */ = {
			isa = XCBuildConfiguration;
			buildSettings = {
				ASSETCATALOG_COMPILER_APPICON_NAME = AppIcon;
				CODE_SIGN_STYLE = Automatic;
				DEVELOPMENT_TEAM = 3JVSXR75A5;
				INFOPLIST_FILE = CoderSwaggApp/Info.plist;
				LD_RUNPATH_SEARCH_PATHS = (
					"$(inherited)",
					"@executable_path/Frameworks",
				);
				PRODUCT_BUNDLE_IDENTIFIER = com.garofalo.CoderSwaggApp;
				PRODUCT_NAME = "$(TARGET_NAME)";
				SWIFT_VERSION = 4.2;
				TARGETED_DEVICE_FAMILY = "1,2";
			};
			name = Debug;
		};
		8CF0C9D12145C80D0052F34C /* Release */ = {
			isa = XCBuildConfiguration;
			buildSettings = {
				ASSETCATALOG_COMPILER_APPICON_NAME = AppIcon;
				CODE_SIGN_STYLE = Automatic;
				DEVELOPMENT_TEAM = 3JVSXR75A5;
				INFOPLIST_FILE = CoderSwaggApp/Info.plist;
				LD_RUNPATH_SEARCH_PATHS = (
					"$(inherited)",
					"@executable_path/Frameworks",
				);
				PRODUCT_BUNDLE_IDENTIFIER = com.garofalo.CoderSwaggApp;
				PRODUCT_NAME = "$(TARGET_NAME)";
				SWIFT_VERSION = 4.2;
				TARGETED_DEVICE_FAMILY = "1,2";
			};
			name = Release;
		};
		8CF0C9D32145C80D0052F34C /* Debug */ = {
			isa = XCBuildConfiguration;
			buildSettings = {
				ALWAYS_EMBED_SWIFT_STANDARD_LIBRARIES = YES;
				BUNDLE_LOADER = "$(TEST_HOST)";
				CODE_SIGN_STYLE = Automatic;
				DEVELOPMENT_TEAM = 3JVSXR75A5;
				INFOPLIST_FILE = CoderSwaggAppTests/Info.plist;
				LD_RUNPATH_SEARCH_PATHS = (
					"$(inherited)",
					"@executable_path/Frameworks",
					"@loader_path/Frameworks",
				);
				PRODUCT_BUNDLE_IDENTIFIER = com.garofalo.CoderSwaggAppTests;
				PRODUCT_NAME = "$(TARGET_NAME)";
				SWIFT_VERSION = 4.2;
				TARGETED_DEVICE_FAMILY = "1,2";
				TEST_HOST = "$(BUILT_PRODUCTS_DIR)/CoderSwaggApp.app/CoderSwaggApp";
			};
			name = Debug;
		};
		8CF0C9D42145C80D0052F34C /* Release */ = {
			isa = XCBuildConfiguration;
			buildSettings = {
				ALWAYS_EMBED_SWIFT_STANDARD_LIBRARIES = YES;
				BUNDLE_LOADER = "$(TEST_HOST)";
				CODE_SIGN_STYLE = Automatic;
				DEVELOPMENT_TEAM = 3JVSXR75A5;
				INFOPLIST_FILE = CoderSwaggAppTests/Info.plist;
				LD_RUNPATH_SEARCH_PATHS = (
					"$(inherited)",
					"@executable_path/Frameworks",
					"@loader_path/Frameworks",
				);
				PRODUCT_BUNDLE_IDENTIFIER = com.garofalo.CoderSwaggAppTests;
				PRODUCT_NAME = "$(TARGET_NAME)";
				SWIFT_VERSION = 4.2;
				TARGETED_DEVICE_FAMILY = "1,2";
				TEST_HOST = "$(BUILT_PRODUCTS_DIR)/CoderSwaggApp.app/CoderSwaggApp";
			};
			name = Release;
		};
/* End XCBuildConfiguration section */

/* Begin XCConfigurationList section */
		8CF0C9AD2145C80C0052F34C /* Build configuration list for PBXProject "CoderSwaggApp" */ = {
			isa = XCConfigurationList;
			buildConfigurations = (
				8CF0C9CD2145C80D0052F34C /* Debug */,
				8CF0C9CE2145C80D0052F34C /* Release */,
			);
			defaultConfigurationIsVisible = 0;
			defaultConfigurationName = Release;
		};
		8CF0C9CF2145C80D0052F34C /* Build configuration list for PBXNativeTarget "CoderSwaggApp" */ = {
			isa = XCConfigurationList;
			buildConfigurations = (
				8CF0C9D02145C80D0052F34C /* Debug */,
				8CF0C9D12145C80D0052F34C /* Release */,
			);
			defaultConfigurationIsVisible = 0;
			defaultConfigurationName = Release;
		};
		8CF0C9D22145C80D0052F34C /* Build configuration list for PBXNativeTarget "CoderSwaggAppTests" */ = {
			isa = XCConfigurationList;
			buildConfigurations = (
				8CF0C9D32145C80D0052F34C /* Debug */,
				8CF0C9D42145C80D0052F34C /* Release */,
			);
			defaultConfigurationIsVisible = 0;
			defaultConfigurationName = Release;
		};
/* End XCConfigurationList section */
	};
	rootObject = 8CF0C9AA2145C80C0052F34C /* Project object */;
}
